
Microsoft Visual Studio Solution File, Format Version 12.00
# Visual Studio Version 17
VisualStudioVersion = 17.9.34622.214
MinimumVisualStudioVersion = 10.0.40219.1
Project("{9A19103F-16F7-4668-BE54-9A1E7A4F7556}") = "UAAdmin", "UAAdmin\UAAdmin.csproj", "{AA6C16F2-08BB-408B-81A7-7BEC6491A376}"
	ProjectSection(ProjectDependencies) = postProject
		{44E47733-6857-4F3A-8B5C-4312EA370074} = {44E47733-6857-4F3A-8B5C-4312EA370074}
	EndProjectSection
EndProject
Project("{9A19103F-16F7-4668-BE54-9A1E7A4F7556}") = "UAAdmin.Data", "UAAdmin.Data\UAAdmin.Data.csproj", "{E35A5669-2323-4CC6-8B51-FA2D6C2C2D9C}"
EndProject
Project("{9A19103F-16F7-4668-BE54-9A1E7A4F7556}") = "UAAdmin.Service", "UAAdmin.Service\UAAdmin.Service.csproj", "{44E47733-6857-4F3A-8B5C-4312EA370074}"
	ProjectSection(ProjectDependencies) = postProject
		{E35A5669-2323-4CC6-8B51-FA2D6C2C2D9C} = {E35A5669-2323-4CC6-8B51-FA2D6C2C2D9C}
	EndProjectSection
EndProject
Global
	GlobalSection(SolutionConfigurationPlatforms) = preSolution
		Debug|Any CPU = Debug|Any CPU
		Release|Any CPU = Release|Any CPU
	EndGlobalSection
	GlobalSection(ProjectConfigurationPlatforms) = postSolution
		{AA6C16F2-08BB-408B-81A7-7BEC6491A376}.Debug|Any CPU.ActiveCfg = Debug|Any CPU
		{AA6C16F2-08BB-408B-81A7-7BEC6491A376}.Debug|Any CPU.Build.0 = Debug|Any CPU
		{AA6C16F2-08BB-408B-81A7-7BEC6491A376}.Release|Any CPU.ActiveCfg = Release|Any CPU
		{AA6C16F2-08BB-408B-81A7-7BEC6491A376}.Release|Any CPU.Build.0 = Release|Any CPU
		{E35A5669-2323-4CC6-8B51-FA2D6C2C2D9C}.Debug|Any CPU.ActiveCfg = Debug|Any CPU
		{E35A5669-2323-4CC6-8B51-FA2D6C2C2D9C}.Debug|Any CPU.Build.0 = Debug|Any CPU
		{E35A5669-2323-4CC6-8B51-FA2D6C2C2D9C}.Release|Any CPU.ActiveCfg = Release|Any CPU
		{E35A5669-2323-4CC6-8B51-FA2D6C2C2D9C}.Release|Any CPU.Build.0 = Release|Any CPU
		{44E47733-6857-4F3A-8B5C-4312EA370074}.Debug|Any CPU.ActiveCfg = Debug|Any CPU
		{44E47733-6857-4F3A-8B5C-4312EA370074}.Debug|Any CPU.Build.0 = Debug|Any CPU
		{44E47733-6857-4F3A-8B5C-4312EA370074}.Release|Any CPU.ActiveCfg = Release|Any CPU
		{44E47733-6857-4F3A-8B5C-4312EA370074}.Release|Any CPU.Build.0 = Release|Any CPU
	EndGlobalSection
	GlobalSection(SolutionProperties) = preSolution
		HideSolutionNode = FALSE
	EndGlobalSection
	GlobalSection(ExtensibilityGlobals) = postSolution
		SolutionGuid = {E5EDE22C-E609-4DA7-9E10-472477CA5813}
	EndGlobalSection
EndGlobal
